
Microsoft Visual Studio Solution File, Format Version 12.00
# Visual Studio 15
Project("{FAE04EC0-301F-11D3-BF4B-00C04F79EFBC}") = "Assembly-CSharp", "Assembly-CSharp.csproj", "{D1894E4E-C53F-2618-986B-502E21746F91}"
EndProject
Project("{FAE04EC0-301F-11D3-BF4B-00C04F79EFBC}") = "PhotonUnityNetworking.Utilities", "PhotonUnityNetworking.Utilities.csproj", "{48D005C9-A034-A735-7CC9-573C00466B96}"
EndProject
Project("{FAE04EC0-301F-11D3-BF4B-00C04F79EFBC}") = "PhotonChat", "PhotonChat.csproj", "{A509D5CF-4DE0-C6F9-7D3C-E675DCC9F412}"
EndProject
Project("{FAE04EC0-301F-11D3-BF4B-00C04F79EFBC}") = "PhotonUnityNetworking", "PhotonUnityNetworking.csproj", "{C83AD199-0F11-FDDE-87DE-7260B7985F57}"
EndProject
Project("{FAE04EC0-301F-11D3-BF4B-00C04F79EFBC}") = "PhotonRealtime", "PhotonRealtime.csproj", "{18580083-D044-D6B3-07DD-7B011362408A}"
EndProject
Project("{FAE04EC0-301F-11D3-BF4B-00C04F79EFBC}") = "PhotonWebSocket", "PhotonWebSocket.csproj", "{1E71175C-DEA9-94EC-171C-2AD44FDFA525}"
EndProject
Project("{FAE04EC0-301F-11D3-BF4B-00C04F79EFBC}") = "PhotonUnityNetworking.Editor", "PhotonUnityNetworking.Editor.csproj", "{B0CEB7F9-9351-EE46-9951-1CBA2402D41F}"
EndProject
Project("{FAE04EC0-301F-11D3-BF4B-00C04F79EFBC}") = "Assembly-CSharp-Editor", "Assembly-CSharp-Editor.csproj", "{C50B590D-5355-6FB5-2028-9C3B3D7ECD3A}"
EndProject
Project("{FAE04EC0-301F-11D3-BF4B-00C04F79EFBC}") = "PhotonUnityNetworking.Utilities.PhotonPlayer.Editor", "PhotonUnityNetworking.Utilities.PhotonPlayer.Editor.csproj", "{71DF28E8-C516-D116-37FD-CD938E513212}"
EndProject
Project("{FAE04EC0-301F-11D3-BF4B-00C04F79EFBC}") = "PhotonUnityNetworking.Utilities.Culling.Editor", "PhotonUnityNetworking.Utilities.Culling.Editor.csproj", "{59503FB1-45EE-C5B4-664C-FDDBC5D8FB15}"
EndProject
Global
	GlobalSection(SolutionConfigurationPlatforms) = preSolution
		Debug|Any CPU = Debug|Any CPU
		Release|Any CPU = Release|Any CPU
	EndGlobalSection
	GlobalSection(ProjectConfigurationPlatforms) = postSolution
		{D1894E4E-C53F-2618-986B-502E21746F91}.Debug|Any CPU.ActiveCfg = Debug|Any CPU
		{D1894E4E-C53F-2618-986B-502E21746F91}.Debug|Any CPU.Build.0 = Debug|Any CPU
		{D1894E4E-C53F-2618-986B-502E21746F91}.Release|Any CPU.ActiveCfg = Release|Any CPU
		{D1894E4E-C53F-2618-986B-502E21746F91}.Release|Any CPU.Build.0 = Release|Any CPU
		{48D005C9-A034-A735-7CC9-573C00466B96}.Debug|Any CPU.ActiveCfg = Debug|Any CPU
		{48D005C9-A034-A735-7CC9-573C00466B96}.Debug|Any CPU.Build.0 = Debug|Any CPU
		{48D005C9-A034-A735-7CC9-573C00466B96}.Release|Any CPU.ActiveCfg = Release|Any CPU
		{48D005C9-A034-A735-7CC9-573C00466B96}.Release|Any CPU.Build.0 = Release|Any CPU
		{A509D5CF-4DE0-C6F9-7D3C-E675DCC9F412}.Debug|Any CPU.ActiveCfg = Debug|Any CPU
		{A509D5CF-4DE0-C6F9-7D3C-E675DCC9F412}.Debug|Any CPU.Build.0 = Debug|Any CPU
		{A509D5CF-4DE0-C6F9-7D3C-E675DCC9F412}.Release|Any CPU.ActiveCfg = Release|Any CPU
		{A509D5CF-4DE0-C6F9-7D3C-E675DCC9F412}.Release|Any CPU.Build.0 = Release|Any CPU
		{C83AD199-0F11-FDDE-87DE-7260B7985F57}.Debug|Any CPU.ActiveCfg = Debug|Any CPU
		{C83AD199-0F11-FDDE-87DE-7260B7985F57}.Debug|Any CPU.Build.0 = Debug|Any CPU
		{C83AD199-0F11-FDDE-87DE-7260B7985F57}.Release|Any CPU.ActiveCfg = Release|Any CPU
		{C83AD199-0F11-FDDE-87DE-7260B7985F57}.Release|Any CPU.Build.0 = Release|Any CPU
		{18580083-D044-D6B3-07DD-7B011362408A}.Debug|Any CPU.ActiveCfg = Debug|Any CPU
		{18580083-D044-D6B3-07DD-7B011362408A}.Debug|Any CPU.Build.0 = Debug|Any CPU
		{18580083-D044-D6B3-07DD-7B011362408A}.Release|Any CPU.ActiveCfg = Release|Any CPU
		{18580083-D044-D6B3-07DD-7B011362408A}.Release|Any CPU.Build.0 = Release|Any CPU
		{1E71175C-DEA9-94EC-171C-2AD44FDFA525}.Debug|Any CPU.ActiveCfg = Debug|Any CPU
		{1E71175C-DEA9-94EC-171C-2AD44FDFA525}.Debug|Any CPU.Build.0 = Debug|Any CPU
		{1E71175C-DEA9-94EC-171C-2AD44FDFA525}.Release|Any CPU.ActiveCfg = Release|Any CPU
		{1E71175C-DEA9-94EC-171C-2AD44FDFA525}.Release|Any CPU.Build.0 = Release|Any CPU
		{B0CEB7F9-9351-EE46-9951-1CBA2402D41F}.Debug|Any CPU.ActiveCfg = Debug|Any CPU
		{B0CEB7F9-9351-EE46-9951-1CBA2402D41F}.Debug|Any CPU.Build.0 = Debug|Any CPU
		{B0CEB7F9-9351-EE46-9951-1CBA2402D41F}.Release|Any CPU.ActiveCfg = Release|Any CPU
		{B0CEB7F9-9351-EE46-9951-1CBA2402D41F}.Release|Any CPU.Build.0 = Release|Any CPU
		{C50B590D-5355-6FB5-2028-9C3B3D7ECD3A}.Debug|Any CPU.ActiveCfg = Debug|Any CPU
		{C50B590D-5355-6FB5-2028-9C3B3D7ECD3A}.Debug|Any CPU.Build.0 = Debug|Any CPU
		{C50B590D-5355-6FB5-2028-9C3B3D7ECD3A}.Release|Any CPU.ActiveCfg = Release|Any CPU
		{C50B590D-5355-6FB5-2028-9C3B3D7ECD3A}.Release|Any CPU.Build.0 = Release|Any CPU
		{71DF28E8-C516-D116-37FD-CD938E513212}.Debug|Any CPU.ActiveCfg = Debug|Any CPU
		{71DF28E8-C516-D116-37FD-CD938E513212}.Debug|Any CPU.Build.0 = Debug|Any CPU
		{71DF28E8-C516-D116-37FD-CD938E513212}.Release|Any CPU.ActiveCfg = Release|Any CPU
		{71DF28E8-C516-D116-37FD-CD938E513212}.Release|Any CPU.Build.0 = Release|Any CPU
		{59503FB1-45EE-C5B4-664C-FDDBC5D8FB15}.Debug|Any CPU.ActiveCfg = Debug|Any CPU
		{59503FB1-45EE-C5B4-664C-FDDBC5D8FB15}.Debug|Any CPU.Build.0 = Debug|Any CPU
		{59503FB1-45EE-C5B4-664C-FDDBC5D8FB15}.Release|Any CPU.ActiveCfg = Release|Any CPU
		{59503FB1-45EE-C5B4-664C-FDDBC5D8FB15}.Release|Any CPU.Build.0 = Release|Any CPU
	EndGlobalSection
	GlobalSection(SolutionProperties) = preSolution
		HideSolutionNode = FALSE
	EndGlobalSection
EndGlobal
